
Microsoft Visual Studio Solution File, Format Version 12.00
# Visual Studio Version 17
VisualStudioVersion = 17.2.32519.379
MinimumVisualStudioVersion = 10.0.40219.1
Project("{FAE04EC0-301F-11D3-BF4B-00C04F79EFBC}") = "StationaryServer2", "StationaryServer2\StationaryServer2.csproj", "{F4298AF3-9B74-4DC5-86FF-7DCD6D1CFCD0}"
EndProject
Global
	GlobalSection(SolutionConfigurationPlatforms) = preSolution
		Debug|Any CPU = Debug|Any CPU
		Release|Any CPU = Release|Any CPU
	EndGlobalSection
	GlobalSection(ProjectConfigurationPlatforms) = postSolution
		{F4298AF3-9B74-4DC5-86FF-7DCD6D1CFCD0}.Debug|Any CPU.ActiveCfg = Debug|Any CPU
		{F4298AF3-9B74-4DC5-86FF-7DCD6D1CFCD0}.Debug|Any CPU.Build.0 = Debug|Any CPU
		{F4298AF3-9B74-4DC5-86FF-7DCD6D1CFCD0}.Release|Any CPU.ActiveCfg = Release|Any CPU
		{F4298AF3-9B74-4DC5-86FF-7DCD6D1CFCD0}.Release|Any CPU.Build.0 = Release|Any CPU
	EndGlobalSection
	GlobalSection(SolutionProperties) = preSolution
		HideSolutionNode = FALSE
	EndGlobalSection
	GlobalSection(ExtensibilityGlobals) = postSolution
		SolutionGuid = {DFD2F5FB-3715-4BC2-BF9D-B889EC563B06}
	EndGlobalSection
EndGlobal
